// !$*UTF8*$!
{
	archiveVersion = 1;
	classes = {
	};
	objectVersion = 46;
	objects = {

/* Begin PBXBuildFile section */
		33CDE09F1D956679000E2675 /* AppDelegate.swift in Sources */ = {isa = PBXBuildFile; fileRef = 33CDE09E1D956679000E2675 /* AppDelegate.swift */; };
		33CDE0A11D956679000E2675 /* ViewController.swift in Sources */ = {isa = PBXBuildFile; fileRef = 33CDE0A01D956679000E2675 /* ViewController.swift */; };
		33CDE0A41D956679000E2675 /* Main.storyboard in Resources */ = {isa = PBXBuildFile; fileRef = 33CDE0A21D956679000E2675 /* Main.storyboard */; };
		33CDE0A71D956679000E2675 /* PickerView_Example.xcdatamodeld in Sources */ = {isa = PBXBuildFile; fileRef = 33CDE0A51D956679000E2675 /* PickerView_Example.xcdatamodeld */; };
		33CDE0A91D956679000E2675 /* Assets.xcassets in Resources */ = {isa = PBXBuildFile; fileRef = 33CDE0A81D956679000E2675 /* Assets.xcassets */; };
		33CDE0AC1D956679000E2675 /* LaunchScreen.storyboard in Resources */ = {isa = PBXBuildFile; fileRef = 33CDE0AA1D956679000E2675 /* LaunchScreen.storyboard */; };
/* End PBXBuildFile section */

/* Begin PBXFileReference section */
		33CDE09B1D956679000E2675 /* PickerView-Example.app */ = {isa = PBXFileReference; explicitFileType = wrapper.application; includeInIndex = 0; path = "PickerView-Example.app"; sourceTree = BUILT_PRODUCTS_DIR; };
		33CDE09E1D956679000E2675 /* AppDelegate.swift */ = {isa = PBXFileReference; lastKnownFileType = sourcecode.swift; path = AppDelegate.swift; sourceTree = "<group>"; };
		33CDE0A01D956679000E2675 /* ViewController.swift */ = {isa = PBXFileReference; lastKnownFileType = sourcecode.swift; path = ViewController.swift; sourceTree = "<group>"; };
		33CDE0A31D956679000E2675 /* Base */ = {isa = PBXFileReference; lastKnownFileType = file.storyboard; name = Base; path = Base.lproj/Main.storyboard; sourceTree = "<group>"; };
		33CDE0A61D956679000E2675 /* PickerView_Example.xcdatamodel */ = {isa = PBXFileReference; lastKnownFileType = wrapper.xcdatamodel; path = PickerView_Example.xcdatamodel; sourceTree = "<group>"; };
		33CDE0A81D956679000E2675 /* Assets.xcassets */ = {isa = PBXFileReference; lastKnownFileType = folder.assetcatalog; path = Assets.xcassets; sourceTree = "<group>"; };
		33CDE0AB1D956679000E2675 /* Base */ = {isa = PBXFileReference; lastKnownFileType = file.storyboard; name = Base; path = Base.lproj/LaunchScreen.storyboard; sourceTree = "<group>"; };
		33CDE0AD1D956679000E2675 /* Info.plist */ = {isa = PBXFileReference; lastKnownFileType = text.plist.xml; path = Info.plist; sourceTree = "<group>"; };
/* End PBXFileReference section */

/* Begin PBXFrameworksBuildPhase section */
		33CDE0981D956679000E2675 /* Frameworks */ = {
			isa = PBXFrameworksBuildPhase;
			buildActionMask = 2147483647;
			files = (
			);
			runOnlyForDeploymentPostprocessing = 0;
		};
/* End PBXFrameworksBuildPhase section */

/* Begin PBXGroup section */
		33CDE0921D956678000E2675 = {
			isa = PBXGroup;
			children = (
				33CDE09D1D956679000E2675 /* PickerView-Example */,
				33CDE09C1D956679000E2675 /* Products */,
			);
			sourceTree = "<group>";
		};
		33CDE09C1D956679000E2675 /* Products */ = {
			isa = PBXGroup;
			children = (
				33CDE09B1D956679000E2675 /* PickerView-Example.app */,
			);
			name = Products;
			sourceTree = "<group>";
		};
		33CDE09D1D956679000E2675 /* PickerView-Example */ = {
			isa = PBXGroup;
			children = (
				33CDE09E1D956679000E2675 /* AppDelegate.swift */,
				33CDE0A01D956679000E2675 /* ViewController.swift */,
				33CDE0A21D956679000E2675 /* Main.storyboard */,
				33CDE0A81D956679000E2675 /* Assets.xcassets */,
				33CDE0AA1D956679000E2675 /* LaunchScreen.storyboard */,
				33CDE0AD1D956679000E2675 /* Info.plist */,
				33CDE0A51D956679000E2675 /* PickerView_Example.xcdatamodeld */,
			);
			path = "PickerView-Example";
			sourceTree = "<group>";
		};
/* End PBXGroup section */

/* Begin PBXNativeTarget section */
		33CDE09A1D956679000E2675 /* PickerView-Example */ = {
			isa = PBXNativeTarget;
			buildConfigurationList = 33CDE0B01D956679000E2675 /* Build configuration list for PBXNativeTarget "PickerView-Example" */;
			buildPhases = (
				33CDE0971D956679000E2675 /* Sources */,
				33CDE0981D956679000E2675 /* Frameworks */,
				33CDE0991D956679000E2675 /* Resources */,
			);
			buildRules = (
			);
			dependencies = (
			);
			name = "PickerView-Example";
			productName = "PickerView-Example";
			productReference = 33CDE09B1D956679000E2675 /* PickerView-Example.app */;
			productType = "com.apple.product-type.application";
		};
/* End PBXNativeTarget section */

/* Begin PBXProject section */
		33CDE0931D956679000E2675 /* Project object */ = {
			isa = PBXProject;
			attributes = {
				LastSwiftUpdateCheck = 0730;
				LastUpgradeCheck = 0730;
				ORGANIZATIONNAME = Introp;
				TargetAttributes = {
					33CDE09A1D956679000E2675 = {
						CreatedOnToolsVersion = 7.3.1;
					};
				};
			};
			buildConfigurationList = 33CDE0961D956679000E2675 /* Build configuration list for PBXProject "PickerView-Example" */;
			compatibilityVersion = "Xcode 3.2";
			developmentRegion = English;
			hasScannedForEncodings = 0;
			knownRegions = (
				en,
				Base,
			);
			mainGroup = 33CDE0921D956678000E2675;
			productRefGroup = 33CDE09C1D956679000E2675 /* Products */;
			projectDirPath = "";
			projectRoot = "";
			targets = (
				33CDE09A1D956679000E2675 /* PickerView-Example */,
			);
		};
/* End PBXProject section */

/* Begin PBXResourcesBuildPhase section */
		33CDE0991D956679000E2675 /* Resources */ = {
			isa = PBXResourcesBuildPhase;
			buildActionMask = 2147483647;
			files = (
				33CDE0AC1D956679000E2675 /* LaunchScreen.storyboard in Resources */,
				33CDE0A91D956679000E2675 /* Assets.xcassets in Resources */,
				33CDE0A41D956679000E2675 /* Main.storyboard in Resources */,
			);
			runOnlyForDeploymentPostprocessing = 0;
		};
/* End PBXResourcesBuildPhase section */

/* Begin PBXSourcesBuildPhase section */
		33CDE0971D956679000E2675 /* Sources */ = {
			isa = PBXSourcesBuildPhase;
			buildActionMask = 2147483647;
			files = (
				33CDE0A11D956679000E2675 /* ViewController.swift in Sources */,
				33CDE09F1D956679000E2675 /* AppDelegate.swift in Sources */,
				33CDE0A71D956679000E2675 /* PickerView_Example.xcdatamodeld in Sources */,
			);
			runOnlyForDeploymentPostprocessing = 0;
		};
/* End PBXSourcesBuildPhase section */

/* Begin PBXVariantGroup section */
		33CDE0A21D956679000E2675 /* Main.storyboard */ = {
			isa = PBXVariantGroup;
			children = (
				33CDE0A31D956679000E2675 /* Base */,
			);
			name = Main.storyboard;
			sourceTree = "<group>";
		};
		33CDE0AA1D956679000E2675 /* LaunchScreen.storyboard */ = {
			isa = PBXVariantGroup;
			children = (
				33CDE0AB1D956679000E2675 /* Base */,
			);
			name = LaunchScreen.storyboard;
			sourceTree = "<group>";
		};
/* End PBXVariantGroup section */

/* Begin XCBuildConfiguration section */
		33CDE0AE1D956679000E2675 /* Debug */ = {
			isa = XCBuildConfiguration;
			buildSettings = {
				ALWAYS_SEARCH_USER_PATHS = NO;
				CLANG_ANALYZER_NONNULL = YES;
				CLANG_CXX_LANGUAGE_STANDARD = "gnu++0x";
				CLANG_CXX_LIBRARY = "libc++";
				CLANG_ENABLE_MODULES = YES;
				CLANG_ENABLE_OBJC_ARC = YES;
				CLANG_WARN_BOOL_CONVERSION = YES;
				CLANG_WARN_CONSTANT_CONVERSION = YES;
				CLANG_WARN_DIRECT_OBJC_ISA_USAGE = YES_ERROR;
				CLANG_WARN_EMPTY_BODY = YES;
				CLANG_WARN_ENUM_CONVERSION = YES;
				CLANG_WARN_INT_CONVERSION = YES;
				CLANG_WARN_OBJC_ROOT_CLASS = YES_ERROR;
				CLANG_WARN_UNREACHABLE_CODE = YES;
				CLANG_WARN__DUPLICATE_METHOD_MATCH = YES;
				"CODE_SIGN_IDENTITY[sdk=iphoneos*]" = "iPhone Developer";
				COPY_PHASE_STRIP = NO;
				DEBUG_INFORMATION_FORMAT = dwarf;
				ENABLE_STRICT_OBJC_MSGSEND = YES;
				ENABLE_TESTABILITY = YES;
				GCC_C_LANGUAGE_STANDARD = gnu99;
				GCC_DYNAMIC_NO_PIC = NO;
				GCC_NO_COMMON_BLOCKS = YES;
				GCC_OPTIMIZATION_LEVEL = 0;
				GCC_PREPROCESSOR_DEFINITIONS = (
					"DEBUG=1",
					"$(inherited)",
				);
				GCC_WARN_64_TO_32_BIT_CONVERSION = YES;
				GCC_WARN_ABOUT_RETURN_TYPE = YES_ERROR;
				GCC_WARN_UNDECLARED_SELECTOR = YES;
				GCC_WARN_UNINITIALIZED_AUTOS = YES_AGGRESSIVE;
				GCC_WARN_UNUSED_FUNCTION = YES;
				GCC_WARN_UNUSED_VARIABLE = YES;
				IPHONEOS_DEPLOYMENT_TARGET = 9.3;
				MTL_ENABLE_DEBUG_INFO = YES;
				ONLY_ACTIVE_ARCH = YES;
				SDKROOT = iphoneos;
				SWIFT_OPTIMIZATION_LEVEL = "-Onone";
				TARGETED_DEVICE_FAMILY = "1,2";
			};
			name = Debug;
		};
		33CDE0AF1D956679000E2675 /* Release */ = {
			isa = XCBuildConfiguration;
			buildSettings = {
				ALWAYS_SEARCH_USER_PATHS = NO;
				CLANG_ANALYZER_NONNULL = YES;
				CLANG_CXX_LANGUAGE_STANDARD = "gnu++0x";
				CLANG_CXX_LIBRARY = "libc++";
				CLANG_ENABLE_MODULES = YES;
				CLANG_ENABLE_OBJC_ARC = YES;
				CLANG_WARN_BOOL_CONVERSION = YES;
				CLANG_WARN_CONSTANT_CONVERSION = YES;
				CLANG_WARN_DIRECT_OBJC_ISA_USAGE = YES_ERROR;
				CLANG_WARN_EMPTY_BODY = YES;
				CLANG_WARN_ENUM_CONVERSION = YES;
				CLANG_WARN_INT_CONVERSION = YES;
				CLANG_WARN_OBJC_ROOT_CLASS = YES_ERROR;
				CLANG_WARN_UNREACHABLE_CODE = YES;
				CLANG_WARN__DUPLICATE_METHOD_MATCH = YES;
				"CODE_SIGN_IDENTITY[sdk=iphoneos*]" = "iPhone Developer";
				COPY_PHASE_STRIP = NO;
				DEBUG_INFORMATION_FORMAT = "dwarf-with-dsym";
				ENABLE_NS_ASSERTIONS = NO;
				ENABLE_STRICT_OBJC_MSGSEND = YES;
				GCC_C_LANGUAGE_STANDARD = gnu99;
				GCC_NO_COMMON_BLOCKS = YES;
				GCC_WARN_64_TO_32_BIT_CONVERSION = YES;
				GCC_WARN_ABOUT_RETURN_TYPE = YES_ERROR;
				GCC_WARN_UNDECLARED_SELECTOR = YES;
				GCC_WARN_UNINITIALIZED_AUTOS = YES_AGGRESSIVE;
				GCC_WARN_UNUSED_FUNCTION = YES;
				GCC_WARN_UNUSED_VARIABLE = YES;
				IPHONEOS_DEPLOYMENT_TARGET = 9.3;
				MTL_ENABLE_DEBUG_INFO = NO;
				SDKROOT = iphoneos;
				TARGETED_DEVICE_FAMILY = "1,2";
				VALIDATE_PRODUCT = YES;
			};
			name = Release;
		};
		33CDE0B11D956679000E2675 /* Debug */ = {
			isa = XCBuildConfiguration;
			buildSettings = {
				ASSETCATALOG_COMPILER_APPICON_NAME = AppIcon;
				INFOPLIST_FILE = "PickerView-Example/Info.plist";
				LD_RUNPATH_SEARCH_PATHS = "$(inherited) @executable_path/Frameworks";
				PRODUCT_BUNDLE_IDENTIFIER = "com.example.PickerView-Example";
				PRODUCT_NAME = "$(TARGET_NAME)";
			};
			name = Debug;
		};
		33CDE0B21D956679000E2675 /* Release */ = {
			isa = XCBuildConfiguration;
			buildSettings = {
				ASSETCATALOG_COMPILER_APPICON_NAME = AppIcon;
				INFOPLIST_FILE = "PickerView-Example/Info.plist";
				LD_RUNPATH_SEARCH_PATHS = "$(inherited) @executable_path/Frameworks";
				PRODUCT_BUNDLE_IDENTIFIER = "com.example.PickerView-Example";
				PRODUCT_NAME = "$(TARGET_NAME)";
			};
			name = Release;
		};
/* End XCBuildConfiguration section */

/* Begin XCConfigurationList section */
		33CDE0961D956679000E2675 /* Build configuration list for PBXProject "PickerView-Example" */ = {
			isa = XCConfigurationList;
			buildConfigurations = (
				33CDE0AE1D956679000E2675 /* Debug */,
				33CDE0AF1D956679000E2675 /* Release */,
			);
			defaultConfigurationIsVisible = 0;
			defaultConfigurationName = Release;
		};
		33CDE0B01D956679000E2675 /* Build configuration list for PBXNativeTarget "PickerView-Example" */ = {
			isa = XCConfigurationList;
			buildConfigurations = (
				33CDE0B11D956679000E2675 /* Debug */,
				33CDE0B21D956679000E2675 /* Release */,
			);
			defaultConfigurationIsVisible = 0;
		};
/* End XCConfigurationList section */

/* Begin XCVersionGroup section */
		33CDE0A51D956679000E2675 /* PickerView_Example.xcdatamodeld */ = {
			isa = XCVersionGroup;
			children = (
				33CDE0A61D956679000E2675 /* PickerView_Example.xcdatamodel */,
			);
			currentVersion = 33CDE0A61D956679000E2675 /* PickerView_Example.xcdatamodel */;
			path = PickerView_Example.xcdatamodeld;
			sourceTree = "<group>";
			versionGroupType = wrapper.xcdatamodel;
		};
/* End XCVersionGroup section */
	};
	rootObject = 33CDE0931D956679000E2675 /* Project object */;
}
